
Microsoft Visual Studio Solution File, Format Version 12.00
# Visual Studio 2015
Project("{FAE04EC0-301F-11D3-BF4B-00C04F79EFBC}") = "CubeWave.CSharp", "CubeWave.CSharp.csproj", "{F2D9EFE7-EE33-C4B8-6C78-B2A6B5AA863C}"
EndProject
Global
	GlobalSection(SolutionConfigurationPlatforms) = preSolution
		Debug|Any CPU = Debug|Any CPU
		Release|Any CPU = Release|Any CPU
	EndGlobalSection
	GlobalSection(ProjectConfigurationPlatforms) = postSolution
		{F2D9EFE7-EE33-C4B8-6C78-B2A6B5AA863C}.Debug|Any CPU.ActiveCfg = Debug|Any CPU
		{F2D9EFE7-EE33-C4B8-6C78-B2A6B5AA863C}.Debug|Any CPU.Build.0 = Debug|Any CPU
		{F2D9EFE7-EE33-C4B8-6C78-B2A6B5AA863C}.Release|Any CPU.ActiveCfg = Release|Any CPU
		{F2D9EFE7-EE33-C4B8-6C78-B2A6B5AA863C}.Release|Any CPU.Build.0 = Release|Any CPU
	EndGlobalSection
	GlobalSection(SolutionProperties) = preSolution
		HideSolutionNode = FALSE
	EndGlobalSection
EndGlobal
